
Microsoft Visual Studio Solution File, Format Version 12.00
# Visual Studio 2013
VisualStudioVersion = 12.0.40629.0
MinimumVisualStudioVersion = 10.0.40219.1
Project("{FAE04EC0-301F-11D3-BF4B-00C04F79EFBC}") = "Brittle", "Brittle.csproj", "{4A2AA97A-5C12-4282-9021-39BDE4C704D5}"
EndProject
Project("{FAE04EC0-301F-11D3-BF4B-00C04F79EFBC}") = "TestLeftProject1", "..\TestLeftProject1\TestLeftProject1.csproj", "{9E5FDF08-406C-42DB-9763-DAE6ECA0EBB0}"
EndProject
Global
	GlobalSection(SolutionConfigurationPlatforms) = preSolution
		Debug|Any CPU = Debug|Any CPU
		Release|Any CPU = Release|Any CPU
	EndGlobalSection
	GlobalSection(ProjectConfigurationPlatforms) = postSolution
		{4A2AA97A-5C12-4282-9021-39BDE4C704D5}.Debug|Any CPU.ActiveCfg = Debug|Any CPU
		{4A2AA97A-5C12-4282-9021-39BDE4C704D5}.Debug|Any CPU.Build.0 = Debug|Any CPU
		{4A2AA97A-5C12-4282-9021-39BDE4C704D5}.Release|Any CPU.ActiveCfg = Release|Any CPU
		{4A2AA97A-5C12-4282-9021-39BDE4C704D5}.Release|Any CPU.Build.0 = Release|Any CPU
		{9E5FDF08-406C-42DB-9763-DAE6ECA0EBB0}.Debug|Any CPU.ActiveCfg = Debug|Any CPU
		{9E5FDF08-406C-42DB-9763-DAE6ECA0EBB0}.Debug|Any CPU.Build.0 = Debug|Any CPU
		{9E5FDF08-406C-42DB-9763-DAE6ECA0EBB0}.Release|Any CPU.ActiveCfg = Release|Any CPU
		{9E5FDF08-406C-42DB-9763-DAE6ECA0EBB0}.Release|Any CPU.Build.0 = Release|Any CPU
	EndGlobalSection
	GlobalSection(SolutionProperties) = preSolution
		HideSolutionNode = FALSE
	EndGlobalSection
EndGlobal
